
Microsoft Visual Studio Solution File, Format Version 12.00
# Visual Studio Version 17
VisualStudioVersion = 17.13.35931.197 d17.13
MinimumVisualStudioVersion = 10.0.40219.1
Project("{FAE04EC0-301F-11D3-BF4B-00C04F79EFBC}") = "RacingDigital.API", "RacingDigital.API\RacingDigital.API.csproj", "{3D3E5F8A-C148-4660-BDFD-52335489997C}"
EndProject
Global
	GlobalSection(SolutionConfigurationPlatforms) = preSolution
		Debug|Any CPU = Debug|Any CPU
		Release|Any CPU = Release|Any CPU
	EndGlobalSection
	GlobalSection(ProjectConfigurationPlatforms) = postSolution
		{3D3E5F8A-C148-4660-BDFD-52335489997C}.Debug|Any CPU.ActiveCfg = Debug|Any CPU
		{3D3E5F8A-C148-4660-BDFD-52335489997C}.Debug|Any CPU.Build.0 = Debug|Any CPU
		{3D3E5F8A-C148-4660-BDFD-52335489997C}.Release|Any CPU.ActiveCfg = Release|Any CPU
		{3D3E5F8A-C148-4660-BDFD-52335489997C}.Release|Any CPU.Build.0 = Release|Any CPU
	EndGlobalSection
	GlobalSection(SolutionProperties) = preSolution
		HideSolutionNode = FALSE
	EndGlobalSection
	GlobalSection(ExtensibilityGlobals) = postSolution
		SolutionGuid = {A17BCA40-C2BD-4D47-A13A-32205EADC400}
	EndGlobalSection
EndGlobal
